version = 1
requires-python = ">=3.12"

[[package]]
name = "beautifulsoup4"
version = "4.12.3"
source = { registry = "https://pypi.org/simple" }
dependencies = [
    { name = "soupsieve" },
]
sdist = { url = "https://files.pythonhosted.org/packages/b3/ca/824b1195773ce6166d388573fc106ce56d4a805bd7427b624e063596ec58/beautifulsoup4-4.12.3.tar.gz", hash = "sha256:74e3d1928edc070d21748185c46e3fb33490f22f52a3addee9aee0f4f7781051", size = 581181 }
wheels = [
    { url = "https://files.pythonhosted.org/packages/b1/fe/e8c672695b37eecc5cbf43e1d0638d88d66ba3a44c4d321c796f4e59167f/beautifulsoup4-4.12.3-py3-none-any.whl", hash = "sha256:b80878c9f40111313e55da8ba20bdba06d8fa3969fc68304167741bbf9e082ed", size = 147925 },
]

[[package]]
name = "blinker"
version = "1.8.2"
source = { registry = "https://pypi.org/simple" }
sdist = { url = "https://files.pythonhosted.org/packages/1e/57/a6a1721eff09598fb01f3c7cda070c1b6a0f12d63c83236edf79a440abcc/blinker-1.8.2.tar.gz", hash = "sha256:8f77b09d3bf7c795e969e9486f39c2c5e9c39d4ee07424be2bc594ece9642d83", size = 23161 }
wheels = [
    { url = "https://files.pythonhosted.org/packages/bb/2a/10164ed1f31196a2f7f3799368a821765c62851ead0e630ab52b8e14b4d0/blinker-1.8.2-py3-none-any.whl", hash = "sha256:1779309f71bf239144b9399d06ae925637cf6634cf6bd131104184531bf67c01", size = 9456 },
]

[[package]]
name = "bs4"
version = "0.0.2"
source = { registry = "https://pypi.org/simple" }
dependencies = [
    { name = "beautifulsoup4" },
]
sdist = { url = "https://files.pythonhosted.org/packages/c9/aa/4acaf814ff901145da37332e05bb510452ebed97bc9602695059dd46ef39/bs4-0.0.2.tar.gz", hash = "sha256:a48685c58f50fe127722417bae83fe6badf500d54b55f7e39ffe43b798653925", size = 698 }
wheels = [
    { url = "https://files.pythonhosted.org/packages/51/bb/bf7aab772a159614954d84aa832c129624ba6c32faa559dfb200a534e50b/bs4-0.0.2-py2.py3-none-any.whl", hash = "sha256:abf8742c0805ef7f662dce4b51cca104cffe52b835238afc169142ab9b3fbccc", size = 1189 },
]

[[package]]
name = "certifi"
version = "2024.7.4"
source = { registry = "https://pypi.org/simple" }
sdist = { url = "https://files.pythonhosted.org/packages/c2/02/a95f2b11e207f68bc64d7aae9666fed2e2b3f307748d5123dffb72a1bbea/certifi-2024.7.4.tar.gz", hash = "sha256:5a1e7645bc0ec61a09e26c36f6106dd4cf40c6db3a1fb6352b0244e7fb057c7b", size = 164065 }
wheels = [
    { url = "https://files.pythonhosted.org/packages/1c/d5/c84e1a17bf61d4df64ca866a1c9a913874b4e9bdc131ec689a0ad013fb36/certifi-2024.7.4-py3-none-any.whl", hash = "sha256:c198e21b1289c2ab85ee4e67bb4b4ef3ead0892059901a8d5b622f24a1101e90", size = 162960 },
]

[[package]]
name = "charset-normalizer"
version = "3.3.2"
source = { registry = "https://pypi.org/simple" }
sdist = { url = "https://files.pythonhosted.org/packages/63/09/c1bc53dab74b1816a00d8d030de5bf98f724c52c1635e07681d312f20be8/charset-normalizer-3.3.2.tar.gz", hash = "sha256:f30c3cb33b24454a82faecaf01b19c18562b1e89558fb6c56de4d9118a032fd5", size = 104809 }
wheels = [
    { url = "https://files.pythonhosted.org/packages/d1/b2/fcedc8255ec42afee97f9e6f0145c734bbe104aac28300214593eb326f1d/charset_normalizer-3.3.2-cp312-cp312-macosx_10_9_universal2.whl", hash = "sha256:0b2b64d2bb6d3fb9112bafa732def486049e63de9618b5843bcdd081d8144cd8", size = 192892 },
    { url = "https://files.pythonhosted.org/packages/2e/7d/2259318c202f3d17f3fe6438149b3b9e706d1070fe3fcbb28049730bb25c/charset_normalizer-3.3.2-cp312-cp312-macosx_10_9_x86_64.whl", hash = "sha256:ddbb2551d7e0102e7252db79ba445cdab71b26640817ab1e3e3648dad515003b", size = 122213 },
    { url = "https://files.pythonhosted.org/packages/3a/52/9f9d17c3b54dc238de384c4cb5a2ef0e27985b42a0e5cc8e8a31d918d48d/charset_normalizer-3.3.2-cp312-cp312-macosx_11_0_arm64.whl", hash = "sha256:55086ee1064215781fff39a1af09518bc9255b50d6333f2e4c74ca09fac6a8f6", size = 119404 },
    { url = "https://files.pythonhosted.org/packages/99/b0/9c365f6d79a9f0f3c379ddb40a256a67aa69c59609608fe7feb6235896e1/charset_normalizer-3.3.2-cp312-cp312-manylinux_2_17_aarch64.manylinux2014_aarch64.whl", hash = "sha256:8f4a014bc36d3c57402e2977dada34f9c12300af536839dc38c0beab8878f38a", size = 137275 },
    { url = "https://files.pythonhosted.org/packages/91/33/749df346e93d7a30cdcb90cbfdd41a06026317bfbfb62cd68307c1a3c543/charset_normalizer-3.3.2-cp312-cp312-manylinux_2_17_ppc64le.manylinux2014_ppc64le.whl", hash = "sha256:a10af20b82360ab00827f916a6058451b723b4e65030c5a18577c8b2de5b3389", size = 147518 },
    { url = "https://files.pythonhosted.org/packages/72/1a/641d5c9f59e6af4c7b53da463d07600a695b9824e20849cb6eea8a627761/charset_normalizer-3.3.2-cp312-cp312-manylinux_2_17_s390x.manylinux2014_s390x.whl", hash = "sha256:8d756e44e94489e49571086ef83b2bb8ce311e730092d2c34ca8f7d925cb20aa", size = 140182 },
    { url = "https://files.pythonhosted.org/packages/ee/fb/14d30eb4956408ee3ae09ad34299131fb383c47df355ddb428a7331cfa1e/charset_normalizer-3.3.2-cp312-cp312-manylinux_2_17_x86_64.manylinux2014_x86_64.whl", hash = "sha256:90d558489962fd4918143277a773316e56c72da56ec7aa3dc3dbbe20fdfed15b", size = 141869 },
    { url = "https://files.pythonhosted.org/packages/df/3e/a06b18788ca2eb6695c9b22325b6fde7dde0f1d1838b1792a0076f58fe9d/charset_normalizer-3.3.2-cp312-cp312-manylinux_2_5_i686.manylinux1_i686.manylinux_2_17_i686.manylinux2014_i686.whl", hash = "sha256:6ac7ffc7ad6d040517be39eb591cac5ff87416c2537df6ba3cba3bae290c0fed", size = 144042 },
    { url = "https://files.pythonhosted.org/packages/45/59/3d27019d3b447a88fe7e7d004a1e04be220227760264cc41b405e863891b/charset_normalizer-3.3.2-cp312-cp312-musllinux_1_1_aarch64.whl", hash = "sha256:7ed9e526742851e8d5cc9e6cf41427dfc6068d4f5a3bb03659444b4cabf6bc26", size = 138275 },
    { url = "https://files.pythonhosted.org/packages/7b/ef/5eb105530b4da8ae37d506ccfa25057961b7b63d581def6f99165ea89c7e/charset_normalizer-3.3.2-cp312-cp312-musllinux_1_1_i686.whl", hash = "sha256:8bdb58ff7ba23002a4c5808d608e4e6c687175724f54a5dade5fa8c67b604e4d", size = 144819 },
    { url = "https://files.pythonhosted.org/packages/a2/51/e5023f937d7f307c948ed3e5c29c4b7a3e42ed2ee0b8cdf8f3a706089bf0/charset_normalizer-3.3.2-cp312-cp312-musllinux_1_1_ppc64le.whl", hash = "sha256:6b3251890fff30ee142c44144871185dbe13b11bab478a88887a639655be1068", size = 149415 },
    { url = "https://files.pythonhosted.org/packages/24/9d/2e3ef673dfd5be0154b20363c5cdcc5606f35666544381bee15af3778239/charset_normalizer-3.3.2-cp312-cp312-musllinux_1_1_s390x.whl", hash = "sha256:b4a23f61ce87adf89be746c8a8974fe1c823c891d8f86eb218bb957c924bb143", size = 141212 },
    { url = "https://files.pythonhosted.org/packages/5b/ae/ce2c12fcac59cb3860b2e2d76dc405253a4475436b1861d95fe75bdea520/charset_normalizer-3.3.2-cp312-cp312-musllinux_1_1_x86_64.whl", hash = "sha256:efcb3f6676480691518c177e3b465bcddf57cea040302f9f4e6e191af91174d4", size = 142167 },
    { url = "https://files.pythonhosted.org/packages/ed/3a/a448bf035dce5da359daf9ae8a16b8a39623cc395a2ffb1620aa1bce62b0/charset_normalizer-3.3.2-cp312-cp312-win32.whl", hash = "sha256:d965bba47ddeec8cd560687584e88cf699fd28f192ceb452d1d7ee807c5597b7", size = 93041 },
    { url = "https://files.pythonhosted.org/packages/b6/7c/8debebb4f90174074b827c63242c23851bdf00a532489fba57fef3416e40/charset_normalizer-3.3.2-cp312-cp312-win_amd64.whl", hash = "sha256:96b02a3dc4381e5494fad39be677abcb5e6634bf7b4fa83a6dd3112607547001", size = 100397 },
    { url = "https://files.pythonhosted.org/packages/28/76/e6222113b83e3622caa4bb41032d0b1bf785250607392e1b778aca0b8a7d/charset_normalizer-3.3.2-py3-none-any.whl", hash = "sha256:3e4d1f6587322d2788836a99c69062fbb091331ec940e02d12d179c1d53e25fc", size = 48543 },
]

[[package]]
name = "click"
version = "8.1.7"
source = { registry = "https://pypi.org/simple" }
dependencies = [
    { name = "colorama", marker = "platform_system == 'Windows'" },
]
sdist = { url = "https://files.pythonhosted.org/packages/96/d3/f04c7bfcf5c1862a2a5b845c6b2b360488cf47af55dfa79c98f6a6bf98b5/click-8.1.7.tar.gz", hash = "sha256:ca9853ad459e787e2192211578cc907e7594e294c7ccc834310722b41b9ca6de", size = 336121 }
wheels = [
    { url = "https://files.pythonhosted.org/packages/00/2e/d53fa4befbf2cfa713304affc7ca780ce4fc1fd8710527771b58311a3229/click-8.1.7-py3-none-any.whl", hash = "sha256:ae74fb96c20a0277a1d615f1e4d73c8414f5a98db8b799a7931d1582f3390c28", size = 97941 },
]

[[package]]
name = "colorama"
version = "0.4.6"
source = { registry = "https://pypi.org/simple" }
sdist = { url = "https://files.pythonhosted.org/packages/d8/53/6f443c9a4a8358a93a6792e2acffb9d9d5cb0a5cfd8802644b7b1c9a02e4/colorama-0.4.6.tar.gz", hash = "sha256:08695f5cb7ed6e0531a20572697297273c47b8cae5a63ffc6d6ed5c201be6e44", size = 27697 }
wheels = [
    { url = "https://files.pythonhosted.org/packages/d1/d6/3965ed04c63042e047cb6a3e6ed1a63a35087b6a609aa3a15ed8ac56c221/colorama-0.4.6-py2.py3-none-any.whl", hash = "sha256:4f1d9991f5acc0ca119f9d443620b77f9d6b33703e51011c16baf57afb285fc6", size = 25335 },
]

[[package]]
name = "conduit"
version = "0.1.0"
source = { editable = "." }
dependencies = [
    { name = "beautifulsoup4" },
    { name = "blinker" },
    { name = "bs4" },
    { name = "certifi" },
    { name = "charset-normalizer" },
    { name = "click" },
    { name = "flask" },
    { name = "idna" },
    { name = "itsdangerous" },
    { name = "jinja2" },
    { name = "lxml" },
    { name = "markupsafe" },
    { name = "requests" },
    { name = "soupsieve" },
    { name = "urllib3" },
    { name = "werkzeug" },
]

[package.metadata]
requires-dist = [
    { name = "beautifulsoup4", specifier = "==4.12.3" },
    { name = "blinker", specifier = "==1.8.2" },
    { name = "bs4", specifier = "==0.0.2" },
    { name = "certifi", specifier = "==2024.7.4" },
    { name = "charset-normalizer", specifier = "==3.3.2" },
    { name = "click", specifier = "==8.1.7" },
    { name = "flask", specifier = "==3.0.3" },
    { name = "idna", specifier = "==3.7" },
    { name = "itsdangerous", specifier = "==2.2.0" },
    { name = "jinja2", specifier = "==3.1.4" },
    { name = "lxml", specifier = "==5.2.2" },
    { name = "markupsafe", specifier = "==2.1.5" },
    { name = "requests", specifier = "==2.32.3" },
    { name = "soupsieve", specifier = "==2.5" },
    { name = "urllib3", specifier = "==2.2.2" },
    { name = "werkzeug", specifier = "==3.0.3" },
]

[[package]]
name = "flask"
version = "3.0.3"
source = { registry = "https://pypi.org/simple" }
dependencies = [
    { name = "blinker" },
    { name = "click" },
    { name = "itsdangerous" },
    { name = "jinja2" },
    { name = "werkzeug" },
]
sdist = { url = "https://files.pythonhosted.org/packages/41/e1/d104c83026f8d35dfd2c261df7d64738341067526406b40190bc063e829a/flask-3.0.3.tar.gz", hash = "sha256:ceb27b0af3823ea2737928a4d99d125a06175b8512c445cbd9a9ce200ef76842", size = 676315 }
wheels = [
    { url = "https://files.pythonhosted.org/packages/61/80/ffe1da13ad9300f87c93af113edd0638c75138c42a0994becfacac078c06/flask-3.0.3-py3-none-any.whl", hash = "sha256:34e815dfaa43340d1d15a5c3a02b8476004037eb4840b34910c6e21679d288f3", size = 101735 },
]

[[package]]
name = "idna"
version = "3.7"
source = { registry = "https://pypi.org/simple" }
sdist = { url = "https://files.pythonhosted.org/packages/21/ed/f86a79a07470cb07819390452f178b3bef1d375f2ec021ecfc709fc7cf07/idna-3.7.tar.gz", hash = "sha256:028ff3aadf0609c1fd278d8ea3089299412a7a8b9bd005dd08b9f8285bcb5cfc", size = 189575 }
wheels = [
    { url = "https://files.pythonhosted.org/packages/e5/3e/741d8c82801c347547f8a2a06aa57dbb1992be9e948df2ea0eda2c8b79e8/idna-3.7-py3-none-any.whl", hash = "sha256:82fee1fc78add43492d3a1898bfa6d8a904cc97d8427f683ed8e798d07761aa0", size = 66836 },
]

[[package]]
name = "itsdangerous"
version = "2.2.0"
source = { registry = "https://pypi.org/simple" }
sdist = { url = "https://files.pythonhosted.org/packages/9c/cb/8ac0172223afbccb63986cc25049b154ecfb5e85932587206f42317be31d/itsdangerous-2.2.0.tar.gz", hash = "sha256:e0050c0b7da1eea53ffaf149c0cfbb5c6e2e2b69c4bef22c81fa6eb73e5f6173", size = 54410 }
wheels = [
    { url = "https://files.pythonhosted.org/packages/04/96/92447566d16df59b2a776c0fb82dbc4d9e07cd95062562af01e408583fc4/itsdangerous-2.2.0-py3-none-any.whl", hash = "sha256:c6242fc49e35958c8b15141343aa660db5fc54d4f13a1db01a3f5891b98700ef", size = 16234 },
]

[[package]]
name = "jinja2"
version = "3.1.4"
source = { registry = "https://pypi.org/simple" }
dependencies = [
    { name = "markupsafe" },
]
sdist = { url = "https://files.pythonhosted.org/packages/ed/55/39036716d19cab0747a5020fc7e907f362fbf48c984b14e62127f7e68e5d/jinja2-3.1.4.tar.gz", hash = "sha256:4a3aee7acbbe7303aede8e9648d13b8bf88a429282aa6122a993f0ac800cb369", size = 240245 }
wheels = [
    { url = "https://files.pythonhosted.org/packages/31/80/3a54838c3fb461f6fec263ebf3a3a41771bd05190238de3486aae8540c36/jinja2-3.1.4-py3-none-any.whl", hash = "sha256:bc5dd2abb727a5319567b7a813e6a2e7318c39f4f487cfe6c89c6f9c7d25197d", size = 133271 },
]

[[package]]
name = "lxml"
version = "5.2.2"
source = { registry = "https://pypi.org/simple" }
sdist = { url = "https://files.pythonhosted.org/packages/63/f7/ffbb6d2eb67b80a45b8a0834baa5557a14a5ffce0979439e7cd7f0c4055b/lxml-5.2.2.tar.gz", hash = "sha256:bb2dc4898180bea79863d5487e5f9c7c34297414bad54bcd0f0852aee9cfdb87", size = 3678631 }
wheels = [
    { url = "https://files.pythonhosted.org/packages/26/36/6e00905cb4de2d014f4a62df58f0e82d262b5461245d951a6e7442b0222a/lxml-5.2.2-cp312-cp312-macosx_10_9_universal2.whl", hash = "sha256:7429e7faa1a60cad26ae4227f4dd0459efde239e494c7312624ce228e04f6391", size = 8171540 },
    { url = "https://files.pythonhosted.org/packages/d6/68/7e9de19d47cd5430414063cd7739e8c8d8386016740c18af5ff13b64ff5c/lxml-5.2.2-cp312-cp312-macosx_10_9_x86_64.whl", hash = "sha256:50ccb5d355961c0f12f6cf24b7187dbabd5433f29e15147a67995474f27d1776", size = 4441241 },
    { url = "https://files.pythonhosted.org/packages/b4/1f/6a88a8e1b6a9be644c74e5f72cf581cb342a392e020c60a389cd194ebba1/lxml-5.2.2-cp312-cp312-manylinux_2_12_i686.manylinux2010_i686.manylinux_2_17_i686.manylinux2014_i686.whl", hash = "sha256:dc911208b18842a3a57266d8e51fc3cfaccee90a5351b92079beed912a7914c2", size = 5052926 },
    { url = "https://files.pythonhosted.org/packages/6b/cc/8e73a63c2aeb205fbed44272fea8c5ded07920233b9956e8e304e2516931/lxml-5.2.2-cp312-cp312-manylinux_2_17_aarch64.manylinux2014_aarch64.whl", hash = "sha256:33ce9e786753743159799fdf8e92a5da351158c4bfb6f2db0bf31e7892a1feb5", size = 4748543 },
    { url = "https://files.pythonhosted.org/packages/ae/fc/6020fe1468fccb684619df6765a79b67229091631e5f14b97c3efcd75ca7/lxml-5.2.2-cp312-cp312-manylinux_2_17_ppc64le.manylinux2014_ppc64le.whl", hash = "sha256:ec87c44f619380878bd49ca109669c9f221d9ae6883a5bcb3616785fa8f94c97", size = 5320915 },
    { url = "https://files.pythonhosted.org/packages/25/6c/02cecb6a26b0baec373baa3f4fb55343cf0d8710d6a853ff4c4b12a9cf16/lxml-5.2.2-cp312-cp312-manylinux_2_17_s390x.manylinux2014_s390x.whl", hash = "sha256:08ea0f606808354eb8f2dfaac095963cb25d9d28e27edcc375d7b30ab01abbf6", size = 4814179 },
    { url = "https://files.pythonhosted.org/packages/de/12/0253de661bb9f8c26b47059be4ed2ec5b9e4411fd2b1d45a2f4b399a7616/lxml-5.2.2-cp312-cp312-manylinux_2_17_x86_64.manylinux2014_x86_64.whl", hash = "sha256:75a9632f1d4f698b2e6e2e1ada40e71f369b15d69baddb8968dcc8e683839b18", size = 4923168 },
    { url = "https://files.pythonhosted.org/packages/cd/e7/63435cfa76534fb33a9656507057b96a25bb850ae932424b9724c9fe379e/lxml-5.2.2-cp312-cp312-manylinux_2_28_aarch64.whl", hash = "sha256:74da9f97daec6928567b48c90ea2c82a106b2d500f397eeb8941e47d30b1ca85", size = 4741798 },
    { url = "https://files.pythonhosted.org/packages/27/7f/9e203e850609fa12c8b347fcceaba8655f062bc19ace7a837bb7fcf64b8f/lxml-5.2.2-cp312-cp312-manylinux_2_28_ppc64le.whl", hash = "sha256:0969e92af09c5687d769731e3f39ed62427cc72176cebb54b7a9d52cc4fa3b73", size = 5347143 },
    { url = "https://files.pythonhosted.org/packages/d9/d2/089fcb90e6bdd16639656c2632573508ae02f42a3b034376d3e32efd2ccc/lxml-5.2.2-cp312-cp312-manylinux_2_28_s390x.whl", hash = "sha256:9164361769b6ca7769079f4d426a41df6164879f7f3568be9086e15baca61466", size = 4901745 },
    { url = "https://files.pythonhosted.org/packages/9a/87/cff3c63ebe067ec9a7cc1948c379b8a16e7990c29bd5baf77c0a1dbd03c0/lxml-5.2.2-cp312-cp312-manylinux_2_28_x86_64.whl", hash = "sha256:d26a618ae1766279f2660aca0081b2220aca6bd1aa06b2cf73f07383faf48927", size = 4947584 },
    { url = "https://files.pythonhosted.org/packages/73/3f/5a22be26edce482cb5dbdc5cf75544cfd1d3fb1389124d06995395829617/lxml-5.2.2-cp312-cp312-musllinux_1_1_aarch64.whl", hash = "sha256:ab67ed772c584b7ef2379797bf14b82df9aa5f7438c5b9a09624dd834c1c1aaf", size = 4790271 },
    { url = "https://files.pythonhosted.org/packages/b5/66/007666e7878ca746e44da3b4c2acf9d5c617dd51e152e89589e7eeb59f87/lxml-5.2.2-cp312-cp312-musllinux_1_1_ppc64le.whl", hash = "sha256:3d1e35572a56941b32c239774d7e9ad724074d37f90c7a7d499ab98761bd80cf", size = 5340401 },
    { url = "https://files.pythonhosted.org/packages/9d/3e/b7464d5c06a57cb206fd14a9251bfa75ae03d4f6b1c0c41cf82111bdfa3b/lxml-5.2.2-cp312-cp312-musllinux_1_1_s390x.whl", hash = "sha256:8268cbcd48c5375f46e000adb1390572c98879eb4f77910c6053d25cc3ac2c67", size = 4784839 },
    { url = "https://files.pythonhosted.org/packages/5b/70/1c45927de1cd7dc47292cfa8a9eb7928b38ce5647d66601bd169b25af4a7/lxml-5.2.2-cp312-cp312-musllinux_1_1_x86_64.whl", hash = "sha256:e282aedd63c639c07c3857097fc0e236f984ceb4089a8b284da1c526491e3f3d", size = 4933979 },
    { url = "https://files.pythonhosted.org/packages/08/e1/51f6ad2bdb5f28fceeb6bd591d4a0ed5de42ffc6741fd88eb2209c6a46f2/lxml-5.2.2-cp312-cp312-musllinux_1_2_aarch64.whl", hash = "sha256:6dfdc2bfe69e9adf0df4915949c22a25b39d175d599bf98e7ddf620a13678585", size = 4782412 },
    { url = "https://files.pythonhosted.org/packages/81/13/7df8804d4fb678e0216f6f4532754fd471856b5cb24726dab55a3b65f527/lxml-5.2.2-cp312-cp312-musllinux_1_2_ppc64le.whl", hash = "sha256:4aefd911793b5d2d7a921233a54c90329bf3d4a6817dc465f12ffdfe4fc7b8fe", size = 5371318 },
    { url = "https://files.pythonhosted.org/packages/d7/7d/c98b7ef3e496a9c371057dc955be1fda04dab4e8af488b01bec254e1b59b/lxml-5.2.2-cp312-cp312-musllinux_1_2_s390x.whl", hash = "sha256:8b8df03a9e995b6211dafa63b32f9d405881518ff1ddd775db4e7b98fb545e1c", size = 4871432 },
    { url = "https://files.pythonhosted.org/packages/3e/fa/b361d670ffa8f477504b7fc0e5734a7878815c7e0b6769f3a5a903a94aee/lxml-5.2.2-cp312-cp312-musllinux_1_2_x86_64.whl", hash = "sha256:f11ae142f3a322d44513de1018b50f474f8f736bc3cd91d969f464b5bfef8836", size = 4972719 },
    { url = "https://files.pythonhosted.org/packages/fc/43/70e469a190a8f39ca5829b4ef4f2f7299ce65243abe46ba4a73dc58c1365/lxml-5.2.2-cp312-cp312-win32.whl", hash = "sha256:16a8326e51fcdffc886294c1e70b11ddccec836516a343f9ed0f82aac043c24a", size = 3487299 },
    { url = "https://files.pythonhosted.org/packages/58/16/99b03974974537c8c786fb98183d7c213ceb16e71205174a29ae869ca988/lxml-5.2.2-cp312-cp312-win_amd64.whl", hash = "sha256:bbc4b80af581e18568ff07f6395c02114d05f4865c2812a1f02f2eaecf0bfd48", size = 3817779 },
]

[[package]]
name = "markupsafe"
version = "2.1.5"
source = { registry = "https://pypi.org/simple" }
sdist = { url = "https://files.pythonhosted.org/packages/87/5b/aae44c6655f3801e81aa3eef09dbbf012431987ba564d7231722f68df02d/MarkupSafe-2.1.5.tar.gz", hash = "sha256:d283d37a890ba4c1ae73ffadf8046435c76e7bc2247bbb63c00bd1a709c6544b", size = 19384 }
wheels = [
    { url = "https://files.pythonhosted.org/packages/53/bd/583bf3e4c8d6a321938c13f49d44024dbe5ed63e0a7ba127e454a66da974/MarkupSafe-2.1.5-cp312-cp312-macosx_10_9_universal2.whl", hash = "sha256:8dec4936e9c3100156f8a2dc89c4b88d5c435175ff03413b443469c7c8c5f4d1", size = 18215 },
    { url = "https://files.pythonhosted.org/packages/48/d6/e7cd795fc710292c3af3a06d80868ce4b02bfbbf370b7cee11d282815a2a/MarkupSafe-2.1.5-cp312-cp312-macosx_10_9_x86_64.whl", hash = "sha256:3c6b973f22eb18a789b1460b4b91bf04ae3f0c4234a0a6aa6b0a92f6f7b951d4", size = 14069 },
    { url = "https://files.pythonhosted.org/packages/51/b5/5d8ec796e2a08fc814a2c7d2584b55f889a55cf17dd1a90f2beb70744e5c/MarkupSafe-2.1.5-cp312-cp312-manylinux_2_17_aarch64.manylinux2014_aarch64.whl", hash = "sha256:ac07bad82163452a6884fe8fa0963fb98c2346ba78d779ec06bd7a6262132aee", size = 29452 },
    { url = "https://files.pythonhosted.org/packages/0a/0d/2454f072fae3b5a137c119abf15465d1771319dfe9e4acbb31722a0fff91/MarkupSafe-2.1.5-cp312-cp312-manylinux_2_17_x86_64.manylinux2014_x86_64.whl", hash = "sha256:f5dfb42c4604dddc8e4305050aa6deb084540643ed5804d7455b5df8fe16f5e5", size = 28462 },
    { url = "https://files.pythonhosted.org/packages/2d/75/fd6cb2e68780f72d47e6671840ca517bda5ef663d30ada7616b0462ad1e3/MarkupSafe-2.1.5-cp312-cp312-manylinux_2_5_i686.manylinux1_i686.manylinux_2_17_i686.manylinux2014_i686.whl", hash = "sha256:ea3d8a3d18833cf4304cd2fc9cbb1efe188ca9b5efef2bdac7adc20594a0e46b", size = 27869 },
    { url = "https://files.pythonhosted.org/packages/b0/81/147c477391c2750e8fc7705829f7351cf1cd3be64406edcf900dc633feb2/MarkupSafe-2.1.5-cp312-cp312-musllinux_1_1_aarch64.whl", hash = "sha256:d050b3361367a06d752db6ead6e7edeb0009be66bc3bae0ee9d97fb326badc2a", size = 33906 },
    { url = "https://files.pythonhosted.org/packages/8b/ff/9a52b71839d7a256b563e85d11050e307121000dcebc97df120176b3ad93/MarkupSafe-2.1.5-cp312-cp312-musllinux_1_1_i686.whl", hash = "sha256:bec0a414d016ac1a18862a519e54b2fd0fc8bbfd6890376898a6c0891dd82e9f", size = 32296 },
    { url = "https://files.pythonhosted.org/packages/88/07/2dc76aa51b481eb96a4c3198894f38b480490e834479611a4053fbf08623/MarkupSafe-2.1.5-cp312-cp312-musllinux_1_1_x86_64.whl", hash = "sha256:58c98fee265677f63a4385256a6d7683ab1832f3ddd1e66fe948d5880c21a169", size = 33038 },
    { url = "https://files.pythonhosted.org/packages/96/0c/620c1fb3661858c0e37eb3cbffd8c6f732a67cd97296f725789679801b31/MarkupSafe-2.1.5-cp312-cp312-win32.whl", hash = "sha256:8590b4ae07a35970728874632fed7bd57b26b0102df2d2b233b6d9d82f6c62ad", size = 16572 },
    { url = "https://files.pythonhosted.org/packages/3f/14/c3554d512d5f9100a95e737502f4a2323a1959f6d0d01e0d0997b35f7b10/MarkupSafe-2.1.5-cp312-cp312-win_amd64.whl", hash = "sha256:823b65d8706e32ad2df51ed89496147a42a2a6e01c13cfb6ffb8b1e92bc910bb", size = 17127 },
]

[[package]]
name = "requests"
version = "2.32.3"
source = { registry = "https://pypi.org/simple" }
dependencies = [
    { name = "certifi" },
    { name = "charset-normalizer" },
    { name = "idna" },
    { name = "urllib3" },
]
sdist = { url = "https://files.pythonhosted.org/packages/63/70/2bf7780ad2d390a8d301ad0b550f1581eadbd9a20f896afe06353c2a2913/requests-2.32.3.tar.gz", hash = "sha256:55365417734eb18255590a9ff9eb97e9e1da868d4ccd6402399eaf68af20a760", size = 131218 }
wheels = [
    { url = "https://files.pythonhosted.org/packages/f9/9b/335f9764261e915ed497fcdeb11df5dfd6f7bf257d4a6a2a686d80da4d54/requests-2.32.3-py3-none-any.whl", hash = "sha256:70761cfe03c773ceb22aa2f671b4757976145175cdfca038c02654d061d6dcc6", size = 64928 },
]

[[package]]
name = "soupsieve"
version = "2.5"
source = { registry = "https://pypi.org/simple" }
sdist = { url = "https://files.pythonhosted.org/packages/ce/21/952a240de1c196c7e3fbcd4e559681f0419b1280c617db21157a0390717b/soupsieve-2.5.tar.gz", hash = "sha256:5663d5a7b3bfaeee0bc4372e7fc48f9cff4940b3eec54a6451cc5299f1097690", size = 100943 }
wheels = [
    { url = "https://files.pythonhosted.org/packages/4c/f3/038b302fdfbe3be7da016777069f26ceefe11a681055ea1f7817546508e3/soupsieve-2.5-py3-none-any.whl", hash = "sha256:eaa337ff55a1579b6549dc679565eac1e3d000563bcb1c8ab0d0fefbc0c2cdc7", size = 36131 },
]

[[package]]
name = "urllib3"
version = "2.2.2"
source = { registry = "https://pypi.org/simple" }
sdist = { url = "https://files.pythonhosted.org/packages/43/6d/fa469ae21497ddc8bc93e5877702dca7cb8f911e337aca7452b5724f1bb6/urllib3-2.2.2.tar.gz", hash = "sha256:dd505485549a7a552833da5e6063639d0d177c04f23bc3864e41e5dc5f612168", size = 292266 }
wheels = [
    { url = "https://files.pythonhosted.org/packages/ca/1c/89ffc63a9605b583d5df2be791a27bc1a42b7c32bab68d3c8f2f73a98cd4/urllib3-2.2.2-py3-none-any.whl", hash = "sha256:a448b2f64d686155468037e1ace9f2d2199776e17f0a46610480d311f73e3472", size = 121444 },
]

[[package]]
name = "werkzeug"
version = "3.0.3"
source = { registry = "https://pypi.org/simple" }
dependencies = [
    { name = "markupsafe" },
]
sdist = { url = "https://files.pythonhosted.org/packages/02/51/2e0fc149e7a810d300422ab543f87f2bcf64d985eb6f1228c4efd6e4f8d4/werkzeug-3.0.3.tar.gz", hash = "sha256:097e5bfda9f0aba8da6b8545146def481d06aa7d3266e7448e2cccf67dd8bd18", size = 803342 }
wheels = [
    { url = "https://files.pythonhosted.org/packages/9d/6e/e792999e816d19d7fcbfa94c730936750036d65656a76a5a688b57a656c4/werkzeug-3.0.3-py3-none-any.whl", hash = "sha256:fc9645dc43e03e4d630d23143a04a7f947a9a3b5727cd535fdfe155a17cc48c8", size = 227274 },
]
